
Microsoft Visual Studio Solution File, Format Version 12.00
# Visual Studio Version 17
VisualStudioVersion = 17.9.34622.214
MinimumVisualStudioVersion = 10.0.40219.1
Project("{9A19103F-16F7-4668-BE54-9A1E7A4F7556}") = "Cencora.Azure.Timevault", "Cencora.Azure.Timevault\Cencora.Azure.Timevault.csproj", "{14AD9B8B-EF3F-4A95-8D38-7A30DB614009}"
EndProject
Project("{FAE04EC0-301F-11D3-BF4B-00C04F79EFBC}") = "Cencora.Azure.Timevault.Tests", "Cencora.Azure.Timevault.Tests\Cencora.Azure.Timevault.Tests.csproj", "{52A9D97F-D87F-40E3-BE6C-17997641E4DF}"
EndProject
Global
	GlobalSection(SolutionConfigurationPlatforms) = preSolution
		Debug|Any CPU = Debug|Any CPU
		Release|Any CPU = Release|Any CPU
	EndGlobalSection
	GlobalSection(ProjectConfigurationPlatforms) = postSolution
		{14AD9B8B-EF3F-4A95-8D38-7A30DB614009}.Debug|Any CPU.ActiveCfg = Debug|Any CPU
		{14AD9B8B-EF3F-4A95-8D38-7A30DB614009}.Debug|Any CPU.Build.0 = Debug|Any CPU
		{14AD9B8B-EF3F-4A95-8D38-7A30DB614009}.Release|Any CPU.ActiveCfg = Release|Any CPU
		{14AD9B8B-EF3F-4A95-8D38-7A30DB614009}.Release|Any CPU.Build.0 = Release|Any CPU
		{52A9D97F-D87F-40E3-BE6C-17997641E4DF}.Debug|Any CPU.ActiveCfg = Debug|Any CPU
		{52A9D97F-D87F-40E3-BE6C-17997641E4DF}.Debug|Any CPU.Build.0 = Debug|Any CPU
		{52A9D97F-D87F-40E3-BE6C-17997641E4DF}.Release|Any CPU.ActiveCfg = Release|Any CPU
		{52A9D97F-D87F-40E3-BE6C-17997641E4DF}.Release|Any CPU.Build.0 = Release|Any CPU
	EndGlobalSection
	GlobalSection(SolutionProperties) = preSolution
		HideSolutionNode = FALSE
	EndGlobalSection
	GlobalSection(ExtensibilityGlobals) = postSolution
		SolutionGuid = {F340CDC1-91A7-42D8-903E-612E4F8533E1}
	EndGlobalSection
EndGlobal
